// !$*UTF8*$!
{
	archiveVersion = 1;
	classes = {
	};
	objectVersion = 55;
	objects = {

/* Begin PBXBuildFile section */
		341D5A4D2757D66D00EE447F /* LoginView.swift in Sources */ = {isa = PBXBuildFile; fileRef = 341D5A4C2757D66D00EE447F /* LoginView.swift */; };
		341D5A4F2757D69700EE447F /* PokemonView.swift in Sources */ = {isa = PBXBuildFile; fileRef = 341D5A4E2757D69700EE447F /* PokemonView.swift */; };
		341D5A512757D6B500EE447F /* ProfileView.swift in Sources */ = {isa = PBXBuildFile; fileRef = 341D5A502757D6B500EE447F /* ProfileView.swift */; };
		341D5A532757D6DB00EE447F /* SettingsView.swift in Sources */ = {isa = PBXBuildFile; fileRef = 341D5A522757D6DB00EE447F /* SettingsView.swift */; };
		341D5A552757D80B00EE447F /* ContentView.swift in Sources */ = {isa = PBXBuildFile; fileRef = 341D5A542757D80B00EE447F /* ContentView.swift */; };
		3430AAAB2757141F002EE982 /* PokedexApp.swift in Sources */ = {isa = PBXBuildFile; fileRef = 3430AAAA2757141F002EE982 /* PokedexApp.swift */; };
		3430AAAF2757141F002EE982 /* Assets.xcassets in Resources */ = {isa = PBXBuildFile; fileRef = 3430AAAE2757141F002EE982 /* Assets.xcassets */; };
		3430AAB22757141F002EE982 /* Preview Assets.xcassets in Resources */ = {isa = PBXBuildFile; fileRef = 3430AAB12757141F002EE982 /* Preview Assets.xcassets */; };
		3430AABC2757141F002EE982 /* PokedexTests.swift in Sources */ = {isa = PBXBuildFile; fileRef = 3430AABB2757141F002EE982 /* PokedexTests.swift */; };
		3430AAC62757141F002EE982 /* PokedexUITests.swift in Sources */ = {isa = PBXBuildFile; fileRef = 3430AAC52757141F002EE982 /* PokedexUITests.swift */; };
		3430AAC82757141F002EE982 /* PokedexUITestsLaunchTests.swift in Sources */ = {isa = PBXBuildFile; fileRef = 3430AAC72757141F002EE982 /* PokedexUITestsLaunchTests.swift */; };
		346540DD2757D5E600C05F15 /* PokedexView.swift in Sources */ = {isa = PBXBuildFile; fileRef = 346540DC2757D5E600C05F15 /* PokedexView.swift */; };
		346540DF2757D5FF00C05F15 /* TeamBuilderView.swift in Sources */ = {isa = PBXBuildFile; fileRef = 346540DE2757D5FF00C05F15 /* TeamBuilderView.swift */; };
/* End PBXBuildFile section */

/* Begin PBXContainerItemProxy section */
		3430AAB82757141F002EE982 /* PBXContainerItemProxy */ = {
			isa = PBXContainerItemProxy;
			containerPortal = 3430AA9F2757141F002EE982 /* Project object */;
			proxyType = 1;
			remoteGlobalIDString = 3430AAA62757141F002EE982;
			remoteInfo = Pokedex;
		};
		3430AAC22757141F002EE982 /* PBXContainerItemProxy */ = {
			isa = PBXContainerItemProxy;
			containerPortal = 3430AA9F2757141F002EE982 /* Project object */;
			proxyType = 1;
			remoteGlobalIDString = 3430AAA62757141F002EE982;
			remoteInfo = Pokedex;
		};
/* End PBXContainerItemProxy section */

/* Begin PBXFileReference section */
		341D5A4C2757D66D00EE447F /* LoginView.swift */ = {isa = PBXFileReference; fileEncoding = 4; lastKnownFileType = sourcecode.swift; path = LoginView.swift; sourceTree = "<group>"; };
		341D5A4E2757D69700EE447F /* PokemonView.swift */ = {isa = PBXFileReference; lastKnownFileType = sourcecode.swift; path = PokemonView.swift; sourceTree = "<group>"; };
		341D5A502757D6B500EE447F /* ProfileView.swift */ = {isa = PBXFileReference; lastKnownFileType = sourcecode.swift; path = ProfileView.swift; sourceTree = "<group>"; };
		341D5A522757D6DB00EE447F /* SettingsView.swift */ = {isa = PBXFileReference; lastKnownFileType = sourcecode.swift; path = SettingsView.swift; sourceTree = "<group>"; };
		341D5A542757D80B00EE447F /* ContentView.swift */ = {isa = PBXFileReference; lastKnownFileType = sourcecode.swift; path = ContentView.swift; sourceTree = "<group>"; };
		3430AAA72757141F002EE982 /* Pokedex.app */ = {isa = PBXFileReference; explicitFileType = wrapper.application; includeInIndex = 0; path = Pokedex.app; sourceTree = BUILT_PRODUCTS_DIR; };
		3430AAAA2757141F002EE982 /* PokedexApp.swift */ = {isa = PBXFileReference; lastKnownFileType = sourcecode.swift; path = PokedexApp.swift; sourceTree = "<group>"; };
		3430AAAE2757141F002EE982 /* Assets.xcassets */ = {isa = PBXFileReference; lastKnownFileType = folder.assetcatalog; path = Assets.xcassets; sourceTree = "<group>"; };
		3430AAB12757141F002EE982 /* Preview Assets.xcassets */ = {isa = PBXFileReference; lastKnownFileType = folder.assetcatalog; path = "Preview Assets.xcassets"; sourceTree = "<group>"; };
		3430AAB72757141F002EE982 /* PokedexTests.xctest */ = {isa = PBXFileReference; explicitFileType = wrapper.cfbundle; includeInIndex = 0; path = PokedexTests.xctest; sourceTree = BUILT_PRODUCTS_DIR; };
		3430AABB2757141F002EE982 /* PokedexTests.swift */ = {isa = PBXFileReference; lastKnownFileType = sourcecode.swift; path = PokedexTests.swift; sourceTree = "<group>"; };
		3430AAC12757141F002EE982 /* PokedexUITests.xctest */ = {isa = PBXFileReference; explicitFileType = wrapper.cfbundle; includeInIndex = 0; path = PokedexUITests.xctest; sourceTree = BUILT_PRODUCTS_DIR; };
		3430AAC52757141F002EE982 /* PokedexUITests.swift */ = {isa = PBXFileReference; lastKnownFileType = sourcecode.swift; path = PokedexUITests.swift; sourceTree = "<group>"; };
		3430AAC72757141F002EE982 /* PokedexUITestsLaunchTests.swift */ = {isa = PBXFileReference; lastKnownFileType = sourcecode.swift; path = PokedexUITestsLaunchTests.swift; sourceTree = "<group>"; };
		346540DC2757D5E600C05F15 /* PokedexView.swift */ = {isa = PBXFileReference; lastKnownFileType = sourcecode.swift; path = PokedexView.swift; sourceTree = "<group>"; };
		346540DE2757D5FF00C05F15 /* TeamBuilderView.swift */ = {isa = PBXFileReference; lastKnownFileType = sourcecode.swift; path = TeamBuilderView.swift; sourceTree = "<group>"; };
/* End PBXFileReference section */

/* Begin PBXFrameworksBuildPhase section */
		3430AAA42757141F002EE982 /* Frameworks */ = {
			isa = PBXFrameworksBuildPhase;
			buildActionMask = 2147483647;
			files = (
			);
			runOnlyForDeploymentPostprocessing = 0;
		};
		3430AAB42757141F002EE982 /* Frameworks */ = {
			isa = PBXFrameworksBuildPhase;
			buildActionMask = 2147483647;
			files = (
			);
			runOnlyForDeploymentPostprocessing = 0;
		};
		3430AABE2757141F002EE982 /* Frameworks */ = {
			isa = PBXFrameworksBuildPhase;
			buildActionMask = 2147483647;
			files = (
			);
			runOnlyForDeploymentPostprocessing = 0;
		};
/* End PBXFrameworksBuildPhase section */

/* Begin PBXGroup section */
		3430AA9E2757141F002EE982 = {
			isa = PBXGroup;
			children = (
				3430AAA92757141F002EE982 /* Pokedex */,
				3430AABA2757141F002EE982 /* PokedexTests */,
				3430AAC42757141F002EE982 /* PokedexUITests */,
				3430AAA82757141F002EE982 /* Products */,
			);
			sourceTree = "<group>";
		};
		3430AAA82757141F002EE982 /* Products */ = {
			isa = PBXGroup;
			children = (
				3430AAA72757141F002EE982 /* Pokedex.app */,
				3430AAB72757141F002EE982 /* PokedexTests.xctest */,
				3430AAC12757141F002EE982 /* PokedexUITests.xctest */,
			);
			name = Products;
			sourceTree = "<group>";
		};
		3430AAA92757141F002EE982 /* Pokedex */ = {
			isa = PBXGroup;
			children = (
				3430AAD427571439002EE982 /* Views */,
				3430AAAE2757141F002EE982 /* Assets.xcassets */,
				3430AAAA2757141F002EE982 /* PokedexApp.swift */,
				341D5A542757D80B00EE447F /* ContentView.swift */,
				3430AAB02757141F002EE982 /* Preview Content */,
			);
			path = Pokedex;
			sourceTree = "<group>";
		};
		3430AAB02757141F002EE982 /* Preview Content */ = {
			isa = PBXGroup;
			children = (
				3430AAB12757141F002EE982 /* Preview Assets.xcassets */,
			);
			path = "Preview Content";
			sourceTree = "<group>";
		};
		3430AABA2757141F002EE982 /* PokedexTests */ = {
			isa = PBXGroup;
			children = (
				3430AABB2757141F002EE982 /* PokedexTests.swift */,
			);
			path = PokedexTests;
			sourceTree = "<group>";
		};
		3430AAC42757141F002EE982 /* PokedexUITests */ = {
			isa = PBXGroup;
			children = (
				3430AAC52757141F002EE982 /* PokedexUITests.swift */,
				3430AAC72757141F002EE982 /* PokedexUITestsLaunchTests.swift */,
			);
			path = PokedexUITests;
			sourceTree = "<group>";
		};
		3430AAD427571439002EE982 /* Views */ = {
			isa = PBXGroup;
			children = (
				341D5A4C2757D66D00EE447F /* LoginView.swift */,
				346540DC2757D5E600C05F15 /* PokedexView.swift */,
				346540DE2757D5FF00C05F15 /* TeamBuilderView.swift */,
				341D5A4E2757D69700EE447F /* PokemonView.swift */,
				341D5A502757D6B500EE447F /* ProfileView.swift */,
				341D5A522757D6DB00EE447F /* SettingsView.swift */,
			);
			path = Views;
			sourceTree = "<group>";
		};
/* End PBXGroup section */

/* Begin PBXNativeTarget section */
		3430AAA62757141F002EE982 /* Pokedex */ = {
			isa = PBXNativeTarget;
			buildConfigurationList = 3430AACB2757141F002EE982 /* Build configuration list for PBXNativeTarget "Pokedex" */;
			buildPhases = (
				3430AAA32757141F002EE982 /* Sources */,
				3430AAA42757141F002EE982 /* Frameworks */,
				3430AAA52757141F002EE982 /* Resources */,
			);
			buildRules = (
			);
			dependencies = (
			);
			name = Pokedex;
			productName = Pokedex;
			productReference = 3430AAA72757141F002EE982 /* Pokedex.app */;
			productType = "com.apple.product-type.application";
		};
		3430AAB62757141F002EE982 /* PokedexTests */ = {
			isa = PBXNativeTarget;
			buildConfigurationList = 3430AACE2757141F002EE982 /* Build configuration list for PBXNativeTarget "PokedexTests" */;
			buildPhases = (
				3430AAB32757141F002EE982 /* Sources */,
				3430AAB42757141F002EE982 /* Frameworks */,
				3430AAB52757141F002EE982 /* Resources */,
			);
			buildRules = (
			);
			dependencies = (
				3430AAB92757141F002EE982 /* PBXTargetDependency */,
			);
			name = PokedexTests;
			productName = PokedexTests;
			productReference = 3430AAB72757141F002EE982 /* PokedexTests.xctest */;
			productType = "com.apple.product-type.bundle.unit-test";
		};
		3430AAC02757141F002EE982 /* PokedexUITests */ = {
			isa = PBXNativeTarget;
			buildConfigurationList = 3430AAD12757141F002EE982 /* Build configuration list for PBXNativeTarget "PokedexUITests" */;
			buildPhases = (
				3430AABD2757141F002EE982 /* Sources */,
				3430AABE2757141F002EE982 /* Frameworks */,
				3430AABF2757141F002EE982 /* Resources */,
			);
			buildRules = (
			);
			dependencies = (
				3430AAC32757141F002EE982 /* PBXTargetDependency */,
			);
			name = PokedexUITests;
			productName = PokedexUITests;
			productReference = 3430AAC12757141F002EE982 /* PokedexUITests.xctest */;
			productType = "com.apple.product-type.bundle.ui-testing";
		};
/* End PBXNativeTarget section */

/* Begin PBXProject section */
		3430AA9F2757141F002EE982 /* Project object */ = {
			isa = PBXProject;
			attributes = {
				BuildIndependentTargetsInParallel = 1;
				LastSwiftUpdateCheck = 1310;
				LastUpgradeCheck = 1310;
				TargetAttributes = {
					3430AAA62757141F002EE982 = {
						CreatedOnToolsVersion = 13.1;
					};
					3430AAB62757141F002EE982 = {
						CreatedOnToolsVersion = 13.1;
						TestTargetID = 3430AAA62757141F002EE982;
					};
					3430AAC02757141F002EE982 = {
						CreatedOnToolsVersion = 13.1;
						TestTargetID = 3430AAA62757141F002EE982;
					};
				};
			};
			buildConfigurationList = 3430AAA22757141F002EE982 /* Build configuration list for PBXProject "Pokedex" */;
			compatibilityVersion = "Xcode 13.0";
			developmentRegion = en;
			hasScannedForEncodings = 0;
			knownRegions = (
				en,
				Base,
			);
			mainGroup = 3430AA9E2757141F002EE982;
			productRefGroup = 3430AAA82757141F002EE982 /* Products */;
			projectDirPath = "";
			projectRoot = "";
			targets = (
				3430AAA62757141F002EE982 /* Pokedex */,
				3430AAB62757141F002EE982 /* PokedexTests */,
				3430AAC02757141F002EE982 /* PokedexUITests */,
			);
		};
/* End PBXProject section */

/* Begin PBXResourcesBuildPhase section */
		3430AAA52757141F002EE982 /* Resources */ = {
			isa = PBXResourcesBuildPhase;
			buildActionMask = 2147483647;
			files = (
				3430AAB22757141F002EE982 /* Preview Assets.xcassets in Resources */,
				3430AAAF2757141F002EE982 /* Assets.xcassets in Resources */,
			);
			runOnlyForDeploymentPostprocessing = 0;
		};
		3430AAB52757141F002EE982 /* Resources */ = {
			isa = PBXResourcesBuildPhase;
			buildActionMask = 2147483647;
			files = (
			);
			runOnlyForDeploymentPostprocessing = 0;
		};
		3430AABF2757141F002EE982 /* Resources */ = {
			isa = PBXResourcesBuildPhase;
			buildActionMask = 2147483647;
			files = (
			);
			runOnlyForDeploymentPostprocessing = 0;
		};
/* End PBXResourcesBuildPhase section */

/* Begin PBXSourcesBuildPhase section */
		3430AAA32757141F002EE982 /* Sources */ = {
			isa = PBXSourcesBuildPhase;
			buildActionMask = 2147483647;
			files = (
				341D5A532757D6DB00EE447F /* SettingsView.swift in Sources */,
				346540DD2757D5E600C05F15 /* PokedexView.swift in Sources */,
				341D5A552757D80B00EE447F /* ContentView.swift in Sources */,
				346540DF2757D5FF00C05F15 /* TeamBuilderView.swift in Sources */,
				341D5A4D2757D66D00EE447F /* LoginView.swift in Sources */,
				341D5A4F2757D69700EE447F /* PokemonView.swift in Sources */,
				341D5A512757D6B500EE447F /* ProfileView.swift in Sources */,
				3430AAAB2757141F002EE982 /* PokedexApp.swift in Sources */,
			);
			runOnlyForDeploymentPostprocessing = 0;
		};
		3430AAB32757141F002EE982 /* Sources */ = {
			isa = PBXSourcesBuildPhase;
			buildActionMask = 2147483647;
			files = (
				3430AABC2757141F002EE982 /* PokedexTests.swift in Sources */,
			);
			runOnlyForDeploymentPostprocessing = 0;
		};
		3430AABD2757141F002EE982 /* Sources */ = {
			isa = PBXSourcesBuildPhase;
			buildActionMask = 2147483647;
			files = (
				3430AAC62757141F002EE982 /* PokedexUITests.swift in Sources */,
				3430AAC82757141F002EE982 /* PokedexUITestsLaunchTests.swift in Sources */,
			);
			runOnlyForDeploymentPostprocessing = 0;
		};
/* End PBXSourcesBuildPhase section */

/* Begin PBXTargetDependency section */
		3430AAB92757141F002EE982 /* PBXTargetDependency */ = {
			isa = PBXTargetDependency;
			target = 3430AAA62757141F002EE982 /* Pokedex */;
			targetProxy = 3430AAB82757141F002EE982 /* PBXContainerItemProxy */;
		};
		3430AAC32757141F002EE982 /* PBXTargetDependency */ = {
			isa = PBXTargetDependency;
			target = 3430AAA62757141F002EE982 /* Pokedex */;
			targetProxy = 3430AAC22757141F002EE982 /* PBXContainerItemProxy */;
		};
/* End PBXTargetDependency section */

/* Begin XCBuildConfiguration section */
		3430AAC92757141F002EE982 /* Debug */ = {
			isa = XCBuildConfiguration;
			buildSettings = {
				ALWAYS_SEARCH_USER_PATHS = NO;
				CLANG_ANALYZER_NONNULL = YES;
				CLANG_ANALYZER_NUMBER_OBJECT_CONVERSION = YES_AGGRESSIVE;
				CLANG_CXX_LANGUAGE_STANDARD = "gnu++17";
				CLANG_CXX_LIBRARY = "libc++";
				CLANG_ENABLE_MODULES = YES;
				CLANG_ENABLE_OBJC_ARC = YES;
				CLANG_ENABLE_OBJC_WEAK = YES;
				CLANG_WARN_BLOCK_CAPTURE_AUTORELEASING = YES;
				CLANG_WARN_BOOL_CONVERSION = YES;
				CLANG_WARN_COMMA = YES;
				CLANG_WARN_CONSTANT_CONVERSION = YES;
				CLANG_WARN_DEPRECATED_OBJC_IMPLEMENTATIONS = YES;
				CLANG_WARN_DIRECT_OBJC_ISA_USAGE = YES_ERROR;
				CLANG_WARN_DOCUMENTATION_COMMENTS = YES;
				CLANG_WARN_EMPTY_BODY = YES;
				CLANG_WARN_ENUM_CONVERSION = YES;
				CLANG_WARN_INFINITE_RECURSION = YES;
				CLANG_WARN_INT_CONVERSION = YES;
				CLANG_WARN_NON_LITERAL_NULL_CONVERSION = YES;
				CLANG_WARN_OBJC_IMPLICIT_RETAIN_SELF = YES;
				CLANG_WARN_OBJC_LITERAL_CONVERSION = YES;
				CLANG_WARN_OBJC_ROOT_CLASS = YES_ERROR;
				CLANG_WARN_QUOTED_INCLUDE_IN_FRAMEWORK_HEADER = YES;
				CLANG_WARN_RANGE_LOOP_ANALYSIS = YES;
				CLANG_WARN_STRICT_PROTOTYPES = YES;
				CLANG_WARN_SUSPICIOUS_MOVE = YES;
				CLANG_WARN_UNGUARDED_AVAILABILITY = YES_AGGRESSIVE;
				CLANG_WARN_UNREACHABLE_CODE = YES;
				CLANG_WARN__DUPLICATE_METHOD_MATCH = YES;
				COPY_PHASE_STRIP = NO;
				DEBUG_INFORMATION_FORMAT = dwarf;
				ENABLE_STRICT_OBJC_MSGSEND = YES;
				ENABLE_TESTABILITY = YES;
				GCC_C_LANGUAGE_STANDARD = gnu11;
				GCC_DYNAMIC_NO_PIC = NO;
				GCC_NO_COMMON_BLOCKS = YES;
				GCC_OPTIMIZATION_LEVEL = 0;
				GCC_PREPROCESSOR_DEFINITIONS = (
					"DEBUG=1",
					"$(inherited)",
				);
				GCC_WARN_64_TO_32_BIT_CONVERSION = YES;
				GCC_WARN_ABOUT_RETURN_TYPE = YES_ERROR;
				GCC_WARN_UNDECLARED_SELECTOR = YES;
				GCC_WARN_UNINITIALIZED_AUTOS = YES_AGGRESSIVE;
				GCC_WARN_UNUSED_FUNCTION = YES;
				GCC_WARN_UNUSED_VARIABLE = YES;
				IPHONEOS_DEPLOYMENT_TARGET = 15.0;
				MTL_ENABLE_DEBUG_INFO = INCLUDE_SOURCE;
				MTL_FAST_MATH = YES;
				ONLY_ACTIVE_ARCH = YES;
				SDKROOT = iphoneos;
				SWIFT_ACTIVE_COMPILATION_CONDITIONS = DEBUG;
				SWIFT_OPTIMIZATION_LEVEL = "-Onone";
			};
			name = Debug;
		};
		3430AACA2757141F002EE982 /* Release */ = {
			isa = XCBuildConfiguration;
			buildSettings = {
				ALWAYS_SEARCH_USER_PATHS = NO;
				CLANG_ANALYZER_NONNULL = YES;
				CLANG_ANALYZER_NUMBER_OBJECT_CONVERSION = YES_AGGRESSIVE;
				CLANG_CXX_LANGUAGE_STANDARD = "gnu++17";
				CLANG_CXX_LIBRARY = "libc++";
				CLANG_ENABLE_MODULES = YES;
				CLANG_ENABLE_OBJC_ARC = YES;
				CLANG_ENABLE_OBJC_WEAK = YES;
				CLANG_WARN_BLOCK_CAPTURE_AUTORELEASING = YES;
				CLANG_WARN_BOOL_CONVERSION = YES;
				CLANG_WARN_COMMA = YES;
				CLANG_WARN_CONSTANT_CONVERSION = YES;
				CLANG_WARN_DEPRECATED_OBJC_IMPLEMENTATIONS = YES;
				CLANG_WARN_DIRECT_OBJC_ISA_USAGE = YES_ERROR;
				CLANG_WARN_DOCUMENTATION_COMMENTS = YES;
				CLANG_WARN_EMPTY_BODY = YES;
				CLANG_WARN_ENUM_CONVERSION = YES;
				CLANG_WARN_INFINITE_RECURSION = YES;
				CLANG_WARN_INT_CONVERSION = YES;
				CLANG_WARN_NON_LITERAL_NULL_CONVERSION = YES;
				CLANG_WARN_OBJC_IMPLICIT_RETAIN_SELF = YES;
				CLANG_WARN_OBJC_LITERAL_CONVERSION = YES;
				CLANG_WARN_OBJC_ROOT_CLASS = YES_ERROR;
				CLANG_WARN_QUOTED_INCLUDE_IN_FRAMEWORK_HEADER = YES;
				CLANG_WARN_RANGE_LOOP_ANALYSIS = YES;
				CLANG_WARN_STRICT_PROTOTYPES = YES;
				CLANG_WARN_SUSPICIOUS_MOVE = YES;
				CLANG_WARN_UNGUARDED_AVAILABILITY = YES_AGGRESSIVE;
				CLANG_WARN_UNREACHABLE_CODE = YES;
				CLANG_WARN__DUPLICATE_METHOD_MATCH = YES;
				COPY_PHASE_STRIP = NO;
				DEBUG_INFORMATION_FORMAT = "dwarf-with-dsym";
				ENABLE_NS_ASSERTIONS = NO;
				ENABLE_STRICT_OBJC_MSGSEND = YES;
				GCC_C_LANGUAGE_STANDARD = gnu11;
				GCC_NO_COMMON_BLOCKS = YES;
				GCC_WARN_64_TO_32_BIT_CONVERSION = YES;
				GCC_WARN_ABOUT_RETURN_TYPE = YES_ERROR;
				GCC_WARN_UNDECLARED_SELECTOR = YES;
				GCC_WARN_UNINITIALIZED_AUTOS = YES_AGGRESSIVE;
				GCC_WARN_UNUSED_FUNCTION = YES;
				GCC_WARN_UNUSED_VARIABLE = YES;
				IPHONEOS_DEPLOYMENT_TARGET = 15.0;
				MTL_ENABLE_DEBUG_INFO = NO;
				MTL_FAST_MATH = YES;
				SDKROOT = iphoneos;
				SWIFT_COMPILATION_MODE = wholemodule;
				SWIFT_OPTIMIZATION_LEVEL = "-O";
				VALIDATE_PRODUCT = YES;
			};
			name = Release;
		};
		3430AACC2757141F002EE982 /* Debug */ = {
			isa = XCBuildConfiguration;
			buildSettings = {
				ASSETCATALOG_COMPILER_APPICON_NAME = AppIcon;
				ASSETCATALOG_COMPILER_GLOBAL_ACCENT_COLOR_NAME = AccentColor;
				CODE_SIGN_STYLE = Automatic;
				CURRENT_PROJECT_VERSION = 1;
				DEVELOPMENT_ASSET_PATHS = "\"Pokedex/Preview Content\"";
				ENABLE_PREVIEWS = YES;
				GENERATE_INFOPLIST_FILE = YES;
				INFOPLIST_KEY_UIApplicationSceneManifest_Generation = YES;
				INFOPLIST_KEY_UIApplicationSupportsIndirectInputEvents = YES;
				INFOPLIST_KEY_UILaunchScreen_Generation = YES;
				INFOPLIST_KEY_UISupportedInterfaceOrientations_iPad = "UIInterfaceOrientationPortrait UIInterfaceOrientationPortraitUpsideDown UIInterfaceOrientationLandscapeLeft UIInterfaceOrientationLandscapeRight";
				INFOPLIST_KEY_UISupportedInterfaceOrientations_iPhone = "UIInterfaceOrientationPortrait UIInterfaceOrientationLandscapeLeft UIInterfaceOrientationLandscapeRight";
				LD_RUNPATH_SEARCH_PATHS = (
					"$(inherited)",
					"@executable_path/Frameworks",
				);
				MARKETING_VERSION = 1.0;
				PRODUCT_BUNDLE_IDENTIFIER = PokedexSwiftUI.Pokedex;
				PRODUCT_NAME = "$(TARGET_NAME)";
				SWIFT_EMIT_LOC_STRINGS = YES;
				SWIFT_VERSION = 5.0;
				TARGETED_DEVICE_FAMILY = "1,2";
			};
			name = Debug;
		};
		3430AACD2757141F002EE982 /* Release */ = {
			isa = XCBuildConfiguration;
			buildSettings = {
				ASSETCATALOG_COMPILER_APPICON_NAME = AppIcon;
				ASSETCATALOG_COMPILER_GLOBAL_ACCENT_COLOR_NAME = AccentColor;
				CODE_SIGN_STYLE = Automatic;
				CURRENT_PROJECT_VERSION = 1;
				DEVELOPMENT_ASSET_PATHS = "\"Pokedex/Preview Content\"";
				ENABLE_PREVIEWS = YES;
				GENERATE_INFOPLIST_FILE = YES;
				INFOPLIST_KEY_UIApplicationSceneManifest_Generation = YES;
				INFOPLIST_KEY_UIApplicationSupportsIndirectInputEvents = YES;
				INFOPLIST_KEY_UILaunchScreen_Generation = YES;
				INFOPLIST_KEY_UISupportedInterfaceOrientations_iPad = "UIInterfaceOrientationPortrait UIInterfaceOrientationPortraitUpsideDown UIInterfaceOrientationLandscapeLeft UIInterfaceOrientationLandscapeRight";
				INFOPLIST_KEY_UISupportedInterfaceOrientations_iPhone = "UIInterfaceOrientationPortrait UIInterfaceOrientationLandscapeLeft UIInterfaceOrientationLandscapeRight";
				LD_RUNPATH_SEARCH_PATHS = (
					"$(inherited)",
					"@executable_path/Frameworks",
				);
				MARKETING_VERSION = 1.0;
				PRODUCT_BUNDLE_IDENTIFIER = PokedexSwiftUI.Pokedex;
				PRODUCT_NAME = "$(TARGET_NAME)";
				SWIFT_EMIT_LOC_STRINGS = YES;
				SWIFT_VERSION = 5.0;
				TARGETED_DEVICE_FAMILY = "1,2";
			};
			name = Release;
		};
		3430AACF2757141F002EE982 /* Debug */ = {
			isa = XCBuildConfiguration;
			buildSettings = {
				ALWAYS_EMBED_SWIFT_STANDARD_LIBRARIES = YES;
				BUNDLE_LOADER = "$(TEST_HOST)";
				CODE_SIGN_STYLE = Automatic;
				CURRENT_PROJECT_VERSION = 1;
				GENERATE_INFOPLIST_FILE = YES;
				IPHONEOS_DEPLOYMENT_TARGET = 15.0;
				LD_RUNPATH_SEARCH_PATHS = (
					"$(inherited)",
					"@executable_path/Frameworks",
					"@loader_path/Frameworks",
				);
				MARKETING_VERSION = 1.0;
				PRODUCT_BUNDLE_IDENTIFIER = PokedexSwiftUI.PokedexTests;
				PRODUCT_NAME = "$(TARGET_NAME)";
				SWIFT_EMIT_LOC_STRINGS = NO;
				SWIFT_VERSION = 5.0;
				TARGETED_DEVICE_FAMILY = "1,2";
				TEST_HOST = "$(BUILT_PRODUCTS_DIR)/Pokedex.app/Pokedex";
			};
			name = Debug;
		};
		3430AAD02757141F002EE982 /* Release */ = {
			isa = XCBuildConfiguration;
			buildSettings = {
				ALWAYS_EMBED_SWIFT_STANDARD_LIBRARIES = YES;
				BUNDLE_LOADER = "$(TEST_HOST)";
				CODE_SIGN_STYLE = Automatic;
				CURRENT_PROJECT_VERSION = 1;
				GENERATE_INFOPLIST_FILE = YES;
				IPHONEOS_DEPLOYMENT_TARGET = 15.0;
				LD_RUNPATH_SEARCH_PATHS = (
					"$(inherited)",
					"@executable_path/Frameworks",
					"@loader_path/Frameworks",
				);
				MARKETING_VERSION = 1.0;
				PRODUCT_BUNDLE_IDENTIFIER = PokedexSwiftUI.PokedexTests;
				PRODUCT_NAME = "$(TARGET_NAME)";
				SWIFT_EMIT_LOC_STRINGS = NO;
				SWIFT_VERSION = 5.0;
				TARGETED_DEVICE_FAMILY = "1,2";
				TEST_HOST = "$(BUILT_PRODUCTS_DIR)/Pokedex.app/Pokedex";
			};
			name = Release;
		};
		3430AAD22757141F002EE982 /* Debug */ = {
			isa = XCBuildConfiguration;
			buildSettings = {
				ALWAYS_EMBED_SWIFT_STANDARD_LIBRARIES = YES;
				CODE_SIGN_STYLE = Automatic;
				CURRENT_PROJECT_VERSION = 1;
				GENERATE_INFOPLIST_FILE = YES;
				LD_RUNPATH_SEARCH_PATHS = (
					"$(inherited)",
					"@executable_path/Frameworks",
					"@loader_path/Frameworks",
				);
				MARKETING_VERSION = 1.0;
				PRODUCT_BUNDLE_IDENTIFIER = PokedexSwiftUI.PokedexUITests;
				PRODUCT_NAME = "$(TARGET_NAME)";
				SWIFT_EMIT_LOC_STRINGS = NO;
				SWIFT_VERSION = 5.0;
				TARGETED_DEVICE_FAMILY = "1,2";
				TEST_TARGET_NAME = Pokedex;
			};
			name = Debug;
		};
		3430AAD32757141F002EE982 /* Release */ = {
			isa = XCBuildConfiguration;
			buildSettings = {
				ALWAYS_EMBED_SWIFT_STANDARD_LIBRARIES = YES;
				CODE_SIGN_STYLE = Automatic;
				CURRENT_PROJECT_VERSION = 1;
				GENERATE_INFOPLIST_FILE = YES;
				LD_RUNPATH_SEARCH_PATHS = (
					"$(inherited)",
					"@executable_path/Frameworks",
					"@loader_path/Frameworks",
				);
				MARKETING_VERSION = 1.0;
				PRODUCT_BUNDLE_IDENTIFIER = PokedexSwiftUI.PokedexUITests;
				PRODUCT_NAME = "$(TARGET_NAME)";
				SWIFT_EMIT_LOC_STRINGS = NO;
				SWIFT_VERSION = 5.0;
				TARGETED_DEVICE_FAMILY = "1,2";
				TEST_TARGET_NAME = Pokedex;
			};
			name = Release;
		};
/* End XCBuildConfiguration section */

/* Begin XCConfigurationList section */
		3430AAA22757141F002EE982 /* Build configuration list for PBXProject "Pokedex" */ = {
			isa = XCConfigurationList;
			buildConfigurations = (
				3430AAC92757141F002EE982 /* Debug */,
				3430AACA2757141F002EE982 /* Release */,
			);
			defaultConfigurationIsVisible = 0;
			defaultConfigurationName = Release;
		};
		3430AACB2757141F002EE982 /* Build configuration list for PBXNativeTarget "Pokedex" */ = {
			isa = XCConfigurationList;
			buildConfigurations = (
				3430AACC2757141F002EE982 /* Debug */,
				3430AACD2757141F002EE982 /* Release */,
			);
			defaultConfigurationIsVisible = 0;
			defaultConfigurationName = Release;
		};
		3430AACE2757141F002EE982 /* Build configuration list for PBXNativeTarget "PokedexTests" */ = {
			isa = XCConfigurationList;
			buildConfigurations = (
				3430AACF2757141F002EE982 /* Debug */,
				3430AAD02757141F002EE982 /* Release */,
			);
			defaultConfigurationIsVisible = 0;
			defaultConfigurationName = Release;
		};
		3430AAD12757141F002EE982 /* Build configuration list for PBXNativeTarget "PokedexUITests" */ = {
			isa = XCConfigurationList;
			buildConfigurations = (
				3430AAD22757141F002EE982 /* Debug */,
				3430AAD32757141F002EE982 /* Release */,
			);
			defaultConfigurationIsVisible = 0;
			defaultConfigurationName = Release;
		};
/* End XCConfigurationList section */
	};
	rootObject = 3430AA9F2757141F002EE982 /* Project object */;
}
